
Microsoft Visual Studio Solution File, Format Version 12.00
# Visual Studio Version 17
VisualStudioVersion = 17.11.35327.3
MinimumVisualStudioVersion = 10.0.40219.1
Project("{FAE04EC0-301F-11D3-BF4B-00C04F79EFBC}") = "PowerHub", "PowerHub\PowerHub.csproj", "{FE158E81-3D83-4DD1-8EFB-2B110595A393}"
EndProject
Global
	GlobalSection(SolutionConfigurationPlatforms) = preSolution
		Debug|Any CPU = Debug|Any CPU
		Release|Any CPU = Release|Any CPU
	EndGlobalSection
	GlobalSection(ProjectConfigurationPlatforms) = postSolution
		{FE158E81-3D83-4DD1-8EFB-2B110595A393}.Debug|Any CPU.ActiveCfg = Debug|Any CPU
		{FE158E81-3D83-4DD1-8EFB-2B110595A393}.Debug|Any CPU.Build.0 = Debug|Any CPU
		{FE158E81-3D83-4DD1-8EFB-2B110595A393}.Release|Any CPU.ActiveCfg = Release|Any CPU
		{FE158E81-3D83-4DD1-8EFB-2B110595A393}.Release|Any CPU.Build.0 = Release|Any CPU
	EndGlobalSection
	GlobalSection(SolutionProperties) = preSolution
		HideSolutionNode = FALSE
	EndGlobalSection
	GlobalSection(ExtensibilityGlobals) = postSolution
		SolutionGuid = {E9D0CD47-455D-4C42-B774-D57C44F168F5}
	EndGlobalSection
EndGlobal
